
Microsoft Visual Studio Solution File, Format Version 12.00
# Visual Studio Version 16
VisualStudioVersion = 16.0.32106.194
MinimumVisualStudioVersion = 10.0.40219.1
Project("{FAE04EC0-301F-11D3-BF4B-00C04F79EFBC}") = "AdvertProject", "AdvertProject\AdvertProject.csproj", "{F310458D-C0A2-41DF-8651-93AC793C5E35}"
EndProject
Project("{FAE04EC0-301F-11D3-BF4B-00C04F79EFBC}") = "ClassLibrary1", "ClassLibrary1\ClassLibrary1.csproj", "{D53CA550-9EDB-406A-925E-BCCB944ACE62}"
EndProject
Project("{FAE04EC0-301F-11D3-BF4B-00C04F79EFBC}") = "UnitTestProject1", "UnitTestProject1\UnitTestProject1.csproj", "{2BE482C1-B44A-4CA2-A53C-6FF9EBEE447D}"
EndProject
Global
	GlobalSection(SolutionConfigurationPlatforms) = preSolution
		Debug|Any CPU = Debug|Any CPU
		Release|Any CPU = Release|Any CPU
	EndGlobalSection
	GlobalSection(ProjectConfigurationPlatforms) = postSolution
		{F310458D-C0A2-41DF-8651-93AC793C5E35}.Debug|Any CPU.ActiveCfg = Debug|Any CPU
		{F310458D-C0A2-41DF-8651-93AC793C5E35}.Debug|Any CPU.Build.0 = Debug|Any CPU
		{F310458D-C0A2-41DF-8651-93AC793C5E35}.Release|Any CPU.ActiveCfg = Release|Any CPU
		{F310458D-C0A2-41DF-8651-93AC793C5E35}.Release|Any CPU.Build.0 = Release|Any CPU
		{D53CA550-9EDB-406A-925E-BCCB944ACE62}.Debug|Any CPU.ActiveCfg = Debug|Any CPU
		{D53CA550-9EDB-406A-925E-BCCB944ACE62}.Debug|Any CPU.Build.0 = Debug|Any CPU
		{D53CA550-9EDB-406A-925E-BCCB944ACE62}.Release|Any CPU.ActiveCfg = Release|Any CPU
		{D53CA550-9EDB-406A-925E-BCCB944ACE62}.Release|Any CPU.Build.0 = Release|Any CPU
		{2BE482C1-B44A-4CA2-A53C-6FF9EBEE447D}.Debug|Any CPU.ActiveCfg = Debug|Any CPU
		{2BE482C1-B44A-4CA2-A53C-6FF9EBEE447D}.Debug|Any CPU.Build.0 = Debug|Any CPU
		{2BE482C1-B44A-4CA2-A53C-6FF9EBEE447D}.Release|Any CPU.ActiveCfg = Release|Any CPU
		{2BE482C1-B44A-4CA2-A53C-6FF9EBEE447D}.Release|Any CPU.Build.0 = Release|Any CPU
	EndGlobalSection
	GlobalSection(SolutionProperties) = preSolution
		HideSolutionNode = FALSE
	EndGlobalSection
	GlobalSection(ExtensibilityGlobals) = postSolution
		SolutionGuid = {B2038E6A-F204-4F53-BD0C-A28DBF4A534E}
	EndGlobalSection
EndGlobal
